
Microsoft Visual Studio Solution File, Format Version 12.00
# Visual Studio Version 17
VisualStudioVersion = 17.0.31903.59
MinimumVisualStudioVersion = 10.0.40219.1
Project("{FAE04EC0-301F-11D3-BF4B-00C04F79EFBC}") = "DesakaDownloader.UI", "DesakaDownloader.UI\DesakaDownloader.UI.csproj", "{E1C0BCA5-A58D-4ECE-BB9D-57C59C9C6BFF}"
EndProject
Project("{FAE04EC0-301F-11D3-BF4B-00C04F79EFBC}") = "DesakaDownloader.EntitiesLibrary", "DesakaDownloader.EntitiesLibrary\DesakaDownloader.EntitiesLibrary.csproj", "{C5AE4644-BFE0-4A12-AEDB-6AA11F55E8CC}"
EndProject
Project("{FAE04EC0-301F-11D3-BF4B-00C04F79EFBC}") = "DesakaDownloader.ParsersLibrary", "DesakaDownloader.ParsersLibrary\DesakaDownloader.ParsersLibrary.csproj", "{04DD3F6D-2CB8-491B-A9A8-44C92ACAA811}"
EndProject
Project("{FAE04EC0-301F-11D3-BF4B-00C04F79EFBC}") = "DesakaDownloader.ConvertersLibrary", "DesakaDownloader.ConvertersLibrary\DesakaDownloader.ConvertersLibrary.csproj", "{CC855636-6F44-4DAF-AF6F-70B59932F438}"
EndProject
Project("{FAE04EC0-301F-11D3-BF4B-00C04F79EFBC}") = "DesakaDownloader.AILibrary", "DesakaDownloader.AILibrary\DesakaDownloader.AILibrary.csproj", "{8E4A8F78-9680-4AB6-A8B6-72322F4A0E8B}"
EndProject
Project("{FAE04EC0-301F-11D3-BF4B-00C04F79EFBC}") = "DesakaDownloader.DataExportLibrary", "DesakaDownloader.DataExportLibrary\DesakaDownloader.DataExportLibrary.csproj", "{1DB6E704-85D4-4FDB-9D11-A9229FC7F320}"
EndProject
Project("{FAE04EC0-301F-11D3-BF4B-00C04F79EFBC}") = "DesakaDownloader.Downloader", "DesakaDownloader.Downloader\DesakaDownloader.Downloader.csproj", "{EE0BBE47-8F13-4D90-B744-B26AFF056057}"
EndProject
Project("{FAE04EC0-301F-11D3-BF4B-00C04F79EFBC}") = "DesakaDownloader.DataImportLibrary", "DesakaDownloader.DataImportLibrary\DesakaDownloader.DataImportLibrary.csproj", "{E56FB3AE-3A82-4ED9-8377-F565CEBEE52D}"
EndProject
Global
	GlobalSection(SolutionConfigurationPlatforms) = preSolution
		Debug|Any CPU = Debug|Any CPU
		Release|Any CPU = Release|Any CPU
	EndGlobalSection
	GlobalSection(SolutionProperties) = preSolution
		HideSolutionNode = FALSE
	EndGlobalSection
	GlobalSection(ProjectConfigurationPlatforms) = postSolution
		{E1C0BCA5-A58D-4ECE-BB9D-57C59C9C6BFF}.Debug|Any CPU.ActiveCfg = Debug|Any CPU
		{E1C0BCA5-A58D-4ECE-BB9D-57C59C9C6BFF}.Debug|Any CPU.Build.0 = Debug|Any CPU
		{E1C0BCA5-A58D-4ECE-BB9D-57C59C9C6BFF}.Release|Any CPU.ActiveCfg = Release|Any CPU
		{E1C0BCA5-A58D-4ECE-BB9D-57C59C9C6BFF}.Release|Any CPU.Build.0 = Release|Any CPU
		{C5AE4644-BFE0-4A12-AEDB-6AA11F55E8CC}.Debug|Any CPU.ActiveCfg = Debug|Any CPU
		{C5AE4644-BFE0-4A12-AEDB-6AA11F55E8CC}.Debug|Any CPU.Build.0 = Debug|Any CPU
		{C5AE4644-BFE0-4A12-AEDB-6AA11F55E8CC}.Release|Any CPU.ActiveCfg = Release|Any CPU
		{C5AE4644-BFE0-4A12-AEDB-6AA11F55E8CC}.Release|Any CPU.Build.0 = Release|Any CPU
		{04DD3F6D-2CB8-491B-A9A8-44C92ACAA811}.Debug|Any CPU.ActiveCfg = Debug|Any CPU
		{04DD3F6D-2CB8-491B-A9A8-44C92ACAA811}.Debug|Any CPU.Build.0 = Debug|Any CPU
		{04DD3F6D-2CB8-491B-A9A8-44C92ACAA811}.Release|Any CPU.ActiveCfg = Release|Any CPU
		{04DD3F6D-2CB8-491B-A9A8-44C92ACAA811}.Release|Any CPU.Build.0 = Release|Any CPU
		{CC855636-6F44-4DAF-AF6F-70B59932F438}.Debug|Any CPU.ActiveCfg = Debug|Any CPU
		{CC855636-6F44-4DAF-AF6F-70B59932F438}.Debug|Any CPU.Build.0 = Debug|Any CPU
		{CC855636-6F44-4DAF-AF6F-70B59932F438}.Release|Any CPU.ActiveCfg = Release|Any CPU
		{CC855636-6F44-4DAF-AF6F-70B59932F438}.Release|Any CPU.Build.0 = Release|Any CPU
		{8E4A8F78-9680-4AB6-A8B6-72322F4A0E8B}.Debug|Any CPU.ActiveCfg = Debug|Any CPU
		{8E4A8F78-9680-4AB6-A8B6-72322F4A0E8B}.Debug|Any CPU.Build.0 = Debug|Any CPU
		{8E4A8F78-9680-4AB6-A8B6-72322F4A0E8B}.Release|Any CPU.ActiveCfg = Release|Any CPU
		{8E4A8F78-9680-4AB6-A8B6-72322F4A0E8B}.Release|Any CPU.Build.0 = Release|Any CPU
		{1DB6E704-85D4-4FDB-9D11-A9229FC7F320}.Debug|Any CPU.ActiveCfg = Debug|Any CPU
		{1DB6E704-85D4-4FDB-9D11-A9229FC7F320}.Debug|Any CPU.Build.0 = Debug|Any CPU
		{1DB6E704-85D4-4FDB-9D11-A9229FC7F320}.Release|Any CPU.ActiveCfg = Release|Any CPU
		{1DB6E704-85D4-4FDB-9D11-A9229FC7F320}.Release|Any CPU.Build.0 = Release|Any CPU
		{EE0BBE47-8F13-4D90-B744-B26AFF056057}.Debug|Any CPU.ActiveCfg = Debug|Any CPU
		{EE0BBE47-8F13-4D90-B744-B26AFF056057}.Debug|Any CPU.Build.0 = Debug|Any CPU
		{EE0BBE47-8F13-4D90-B744-B26AFF056057}.Release|Any CPU.ActiveCfg = Release|Any CPU
		{EE0BBE47-8F13-4D90-B744-B26AFF056057}.Release|Any CPU.Build.0 = Release|Any CPU
		{E56FB3AE-3A82-4ED9-8377-F565CEBEE52D}.Debug|Any CPU.ActiveCfg = Debug|Any CPU
		{E56FB3AE-3A82-4ED9-8377-F565CEBEE52D}.Debug|Any CPU.Build.0 = Debug|Any CPU
		{E56FB3AE-3A82-4ED9-8377-F565CEBEE52D}.Release|Any CPU.ActiveCfg = Release|Any CPU
		{E56FB3AE-3A82-4ED9-8377-F565CEBEE52D}.Release|Any CPU.Build.0 = Release|Any CPU
	EndGlobalSection
EndGlobal
